
Microsoft Visual Studio Solution File, Format Version 12.00
# Visual Studio Version 16
VisualStudioVersion = 16.0.810.7
MinimumVisualStudioVersion = 10.0.40219.1
Project("{FAE04EC0-301F-11D3-BF4B-00C04F79EFBC}") = "EA.Api", "EA.Api\EA.Api.csproj", "{DD4F99A1-40D6-4119-82AF-4A388415166F}"
EndProject
Project("{FAE04EC0-301F-11D3-BF4B-00C04F79EFBC}") = "EA.Web", "EA.Web\EA.Web.csproj", "{76791D4B-BB22-4F7E-814B-29C4B0DF6240}"
EndProject
Project("{FAE04EC0-301F-11D3-BF4B-00C04F79EFBC}") = "EA.Domain", "EA.Domain\EA.Domain.csproj", "{982EC835-F2EB-491B-AA7F-39B9C7D490AD}"
EndProject
Project("{FAE04EC0-301F-11D3-BF4B-00C04F79EFBC}") = "EA.Data", "EA.Data\EA.Data.csproj", "{A01EDAAA-2A19-45B5-A24C-27B3018B89B1}"
EndProject
Project("{FAE04EC0-301F-11D3-BF4B-00C04F79EFBC}") = "EA.Services", "EA.Services\EA.Services.csproj", "{B71B7696-49FF-4F62-A410-D3E989620375}"
EndProject
Global
	GlobalSection(SolutionConfigurationPlatforms) = preSolution
		Debug|Any CPU = Debug|Any CPU
		Release|Any CPU = Release|Any CPU
	EndGlobalSection
	GlobalSection(ProjectConfigurationPlatforms) = postSolution
		{DD4F99A1-40D6-4119-82AF-4A388415166F}.Debug|Any CPU.ActiveCfg = Debug|Any CPU
		{DD4F99A1-40D6-4119-82AF-4A388415166F}.Debug|Any CPU.Build.0 = Debug|Any CPU
		{DD4F99A1-40D6-4119-82AF-4A388415166F}.Release|Any CPU.ActiveCfg = Release|Any CPU
		{DD4F99A1-40D6-4119-82AF-4A388415166F}.Release|Any CPU.Build.0 = Release|Any CPU
		{76791D4B-BB22-4F7E-814B-29C4B0DF6240}.Debug|Any CPU.ActiveCfg = Debug|Any CPU
		{76791D4B-BB22-4F7E-814B-29C4B0DF6240}.Debug|Any CPU.Build.0 = Debug|Any CPU
		{76791D4B-BB22-4F7E-814B-29C4B0DF6240}.Release|Any CPU.ActiveCfg = Release|Any CPU
		{76791D4B-BB22-4F7E-814B-29C4B0DF6240}.Release|Any CPU.Build.0 = Release|Any CPU
		{982EC835-F2EB-491B-AA7F-39B9C7D490AD}.Debug|Any CPU.ActiveCfg = Debug|Any CPU
		{982EC835-F2EB-491B-AA7F-39B9C7D490AD}.Debug|Any CPU.Build.0 = Debug|Any CPU
		{982EC835-F2EB-491B-AA7F-39B9C7D490AD}.Release|Any CPU.ActiveCfg = Release|Any CPU
		{982EC835-F2EB-491B-AA7F-39B9C7D490AD}.Release|Any CPU.Build.0 = Release|Any CPU
		{A01EDAAA-2A19-45B5-A24C-27B3018B89B1}.Debug|Any CPU.ActiveCfg = Debug|Any CPU
		{A01EDAAA-2A19-45B5-A24C-27B3018B89B1}.Debug|Any CPU.Build.0 = Debug|Any CPU
		{A01EDAAA-2A19-45B5-A24C-27B3018B89B1}.Release|Any CPU.ActiveCfg = Release|Any CPU
		{A01EDAAA-2A19-45B5-A24C-27B3018B89B1}.Release|Any CPU.Build.0 = Release|Any CPU
		{B71B7696-49FF-4F62-A410-D3E989620375}.Debug|Any CPU.ActiveCfg = Debug|Any CPU
		{B71B7696-49FF-4F62-A410-D3E989620375}.Debug|Any CPU.Build.0 = Debug|Any CPU
		{B71B7696-49FF-4F62-A410-D3E989620375}.Release|Any CPU.ActiveCfg = Release|Any CPU
		{B71B7696-49FF-4F62-A410-D3E989620375}.Release|Any CPU.Build.0 = Release|Any CPU
	EndGlobalSection
	GlobalSection(SolutionProperties) = preSolution
		HideSolutionNode = FALSE
	EndGlobalSection
	GlobalSection(ExtensibilityGlobals) = postSolution
		SolutionGuid = {01B221EF-B758-4597-99D1-540C68FB9301}
	EndGlobalSection
EndGlobal
